// !$*UTF8*$!
{
	archiveVersion = 1;
	classes = {
	};
	objectVersion = 50;
	objects = {

/* Begin PBXBuildFile section */
		9B6F722F210A52590026AD62 /* Vehicle.swift in Sources */ = {isa = PBXBuildFile; fileRef = 9B6F722E210A52590026AD62 /* Vehicle.swift */; };
		9B6F7231210A54B50026AD62 /* Motorcycle.swift in Sources */ = {isa = PBXBuildFile; fileRef = 9B6F7230210A54B50026AD62 /* Motorcycle.swift */; };
		9B6F7233210A54CC0026AD62 /* Car.swift in Sources */ = {isa = PBXBuildFile; fileRef = 9B6F7232210A54CC0026AD62 /* Car.swift */; };
		9B866A91210B94C50048BBFC /* CommissionBasedPartTime.swift in Sources */ = {isa = PBXBuildFile; fileRef = 9B866A90210B94C50048BBFC /* CommissionBasedPartTime.swift */; };
		9B866A93210B952A0048BBFC /* FixedBasedPartTime.swift in Sources */ = {isa = PBXBuildFile; fileRef = 9B866A92210B952A0048BBFC /* FixedBasedPartTime.swift */; };
		9BACB3B52108F1BD00EBF3A9 /* main.swift in Sources */ = {isa = PBXBuildFile; fileRef = 9BACB3B42108F1BD00EBF3A9 /* main.swift */; };
		9BACB3BD21090C6300EBF3A9 /* test.swift in Sources */ = {isa = PBXBuildFile; fileRef = 9BACB3BC21090C6300EBF3A9 /* test.swift */; };
		9BACB3BF21091AB800EBF3A9 /* Employee.swift in Sources */ = {isa = PBXBuildFile; fileRef = 9BACB3BE21091AB800EBF3A9 /* Employee.swift */; };
		A3CA8894210BDA5000791A65 /* Intern.swift in Sources */ = {isa = PBXBuildFile; fileRef = A3CA8893210BDA5000791A65 /* Intern.swift */; };
		A3CA8896210BDA6D00791A65 /* FullTimeEmployee.swift in Sources */ = {isa = PBXBuildFile; fileRef = A3CA8895210BDA6D00791A65 /* FullTimeEmployee.swift */; };
		A3CA8898210BDA8700791A65 /* PartTimeEmployee.swift in Sources */ = {isa = PBXBuildFile; fileRef = A3CA8897210BDA8700791A65 /* PartTimeEmployee.swift */; };
/* End PBXBuildFile section */

/* Begin PBXCopyFilesBuildPhase section */
		9BACB3AF2108F1BD00EBF3A9 /* CopyFiles */ = {
			isa = PBXCopyFilesBuildPhase;
			buildActionMask = 2147483647;
			dstPath = /usr/share/man/man1/;
			dstSubfolderSpec = 0;
			files = (
			);
			runOnlyForDeploymentPostprocessing = 1;
		};
/* End PBXCopyFilesBuildPhase section */

/* Begin PBXFileReference section */
		9B6F722E210A52590026AD62 /* Vehicle.swift */ = {isa = PBXFileReference; lastKnownFileType = sourcecode.swift; path = Vehicle.swift; sourceTree = "<group>"; };
		9B6F7230210A54B50026AD62 /* Motorcycle.swift */ = {isa = PBXFileReference; lastKnownFileType = sourcecode.swift; path = Motorcycle.swift; sourceTree = "<group>"; };
		9B6F7232210A54CC0026AD62 /* Car.swift */ = {isa = PBXFileReference; lastKnownFileType = sourcecode.swift; path = Car.swift; sourceTree = "<group>"; };
		9B866A90210B94C50048BBFC /* CommissionBasedPartTime.swift */ = {isa = PBXFileReference; lastKnownFileType = sourcecode.swift; path = CommissionBasedPartTime.swift; sourceTree = "<group>"; };
		9B866A92210B952A0048BBFC /* FixedBasedPartTime.swift */ = {isa = PBXFileReference; lastKnownFileType = sourcecode.swift; path = FixedBasedPartTime.swift; sourceTree = "<group>"; };
		9BACB3B12108F1BD00EBF3A9 /* EmployeePayrollSwift */ = {isa = PBXFileReference; explicitFileType = "compiled.mach-o.executable"; includeInIndex = 0; path = EmployeePayrollSwift; sourceTree = BUILT_PRODUCTS_DIR; };
		9BACB3B42108F1BD00EBF3A9 /* main.swift */ = {isa = PBXFileReference; lastKnownFileType = sourcecode.swift; path = main.swift; sourceTree = "<group>"; };
		9BACB3BC21090C6300EBF3A9 /* test.swift */ = {isa = PBXFileReference; lastKnownFileType = sourcecode.swift; path = test.swift; sourceTree = "<group>"; };
		9BACB3BE21091AB800EBF3A9 /* Employee.swift */ = {isa = PBXFileReference; lastKnownFileType = sourcecode.swift; path = Employee.swift; sourceTree = "<group>"; };
		9BACB3C0210921C300EBF3A9 /* codeTemplate.rtf */ = {isa = PBXFileReference; lastKnownFileType = text.rtf; path = codeTemplate.rtf; sourceTree = "<group>"; };
		A3CA8893210BDA5000791A65 /* Intern.swift */ = {isa = PBXFileReference; lastKnownFileType = sourcecode.swift; path = Intern.swift; sourceTree = "<group>"; };
		A3CA8895210BDA6D00791A65 /* FullTimeEmployee.swift */ = {isa = PBXFileReference; lastKnownFileType = sourcecode.swift; path = FullTimeEmployee.swift; sourceTree = "<group>"; };
		A3CA8897210BDA8700791A65 /* PartTimeEmployee.swift */ = {isa = PBXFileReference; lastKnownFileType = sourcecode.swift; path = PartTimeEmployee.swift; sourceTree = "<group>"; };
/* End PBXFileReference section */

/* Begin PBXFrameworksBuildPhase section */
		9BACB3AE2108F1BD00EBF3A9 /* Frameworks */ = {
			isa = PBXFrameworksBuildPhase;
			buildActionMask = 2147483647;
			files = (
			);
			runOnlyForDeploymentPostprocessing = 0;
		};
/* End PBXFrameworksBuildPhase section */

/* Begin PBXGroup section */
		9BACB3A82108F1BD00EBF3A9 = {
			isa = PBXGroup;
			children = (
				9BACB3B32108F1BD00EBF3A9 /* EmployeePayrollSwift */,
				9BACB3B22108F1BD00EBF3A9 /* Products */,
			);
			sourceTree = "<group>";
		};
		9BACB3B22108F1BD00EBF3A9 /* Products */ = {
			isa = PBXGroup;
			children = (
				9BACB3B12108F1BD00EBF3A9 /* EmployeePayrollSwift */,
			);
			name = Products;
			sourceTree = "<group>";
		};
		9BACB3B32108F1BD00EBF3A9 /* EmployeePayrollSwift */ = {
			isa = PBXGroup;
			children = (
				9BACB3BB2108F1CA00EBF3A9 /* Entities */,
				9BACB3B42108F1BD00EBF3A9 /* main.swift */,
				9BACB3C0210921C300EBF3A9 /* codeTemplate.rtf */,
			);
			path = EmployeePayrollSwift;
			sourceTree = "<group>";
		};
		9BACB3BB2108F1CA00EBF3A9 /* Entities */ = {
			isa = PBXGroup;
			children = (
				9BACB3BE21091AB800EBF3A9 /* Employee.swift */,
				9B866A92210B952A0048BBFC /* FixedBasedPartTime.swift */,
				9B866A90210B94C50048BBFC /* CommissionBasedPartTime.swift */,
				9BACB3BC21090C6300EBF3A9 /* test.swift */,
				9B6F722E210A52590026AD62 /* Vehicle.swift */,
				9B6F7230210A54B50026AD62 /* Motorcycle.swift */,
				9B6F7232210A54CC0026AD62 /* Car.swift */,
				A3CA8893210BDA5000791A65 /* Intern.swift */,
				A3CA8895210BDA6D00791A65 /* FullTimeEmployee.swift */,
				A3CA8897210BDA8700791A65 /* PartTimeEmployee.swift */,
			);
			path = Entities;
			sourceTree = "<group>";
		};
/* End PBXGroup section */

/* Begin PBXNativeTarget section */
		9BACB3B02108F1BD00EBF3A9 /* EmployeePayrollSwift */ = {
			isa = PBXNativeTarget;
			buildConfigurationList = 9BACB3B82108F1BD00EBF3A9 /* Build configuration list for PBXNativeTarget "EmployeePayrollSwift" */;
			buildPhases = (
				9BACB3AD2108F1BD00EBF3A9 /* Sources */,
				9BACB3AE2108F1BD00EBF3A9 /* Frameworks */,
				9BACB3AF2108F1BD00EBF3A9 /* CopyFiles */,
			);
			buildRules = (
			);
			dependencies = (
			);
			name = EmployeePayrollSwift;
			productName = EmployeePayrollSwift;
			productReference = 9BACB3B12108F1BD00EBF3A9 /* EmployeePayrollSwift */;
			productType = "com.apple.product-type.tool";
		};
/* End PBXNativeTarget section */

/* Begin PBXProject section */
		9BACB3A92108F1BD00EBF3A9 /* Project object */ = {
			isa = PBXProject;
			attributes = {
				LastSwiftUpdateCheck = 0930;
				LastUpgradeCheck = 0930;
				ORGANIZATIONNAME = mdsp;
				TargetAttributes = {
					9BACB3B02108F1BD00EBF3A9 = {
						CreatedOnToolsVersion = 9.3;
					};
				};
			};
			buildConfigurationList = 9BACB3AC2108F1BD00EBF3A9 /* Build configuration list for PBXProject "EmployeePayrollSwift" */;
			compatibilityVersion = "Xcode 9.3";
			developmentRegion = en;
			hasScannedForEncodings = 0;
			knownRegions = (
				en,
			);
			mainGroup = 9BACB3A82108F1BD00EBF3A9;
			productRefGroup = 9BACB3B22108F1BD00EBF3A9 /* Products */;
			projectDirPath = "";
			projectRoot = "";
			targets = (
				9BACB3B02108F1BD00EBF3A9 /* EmployeePayrollSwift */,
			);
		};
/* End PBXProject section */

/* Begin PBXSourcesBuildPhase section */
		9BACB3AD2108F1BD00EBF3A9 /* Sources */ = {
			isa = PBXSourcesBuildPhase;
			buildActionMask = 2147483647;
			files = (
				9B866A93210B952A0048BBFC /* FixedBasedPartTime.swift in Sources */,
				A3CA8894210BDA5000791A65 /* Intern.swift in Sources */,
				9B6F722F210A52590026AD62 /* Vehicle.swift in Sources */,
				9B6F7231210A54B50026AD62 /* Motorcycle.swift in Sources */,
				9B866A91210B94C50048BBFC /* CommissionBasedPartTime.swift in Sources */,
				9B6F7233210A54CC0026AD62 /* Car.swift in Sources */,
				9BACB3B52108F1BD00EBF3A9 /* main.swift in Sources */,
				9BACB3BF21091AB800EBF3A9 /* Employee.swift in Sources */,
				A3CA8898210BDA8700791A65 /* PartTimeEmployee.swift in Sources */,
				9BACB3BD21090C6300EBF3A9 /* test.swift in Sources */,
				A3CA8896210BDA6D00791A65 /* FullTimeEmployee.swift in Sources */,
			);
			runOnlyForDeploymentPostprocessing = 0;
		};
/* End PBXSourcesBuildPhase section */

/* Begin XCBuildConfiguration section */
		9BACB3B62108F1BD00EBF3A9 /* Debug */ = {
			isa = XCBuildConfiguration;
			buildSettings = {
				ALWAYS_SEARCH_USER_PATHS = NO;
				CLANG_ANALYZER_NONNULL = YES;
				CLANG_ANALYZER_NUMBER_OBJECT_CONVERSION = YES_AGGRESSIVE;
				CLANG_CXX_LANGUAGE_STANDARD = "gnu++14";
				CLANG_CXX_LIBRARY = "libc++";
				CLANG_ENABLE_MODULES = YES;
				CLANG_ENABLE_OBJC_ARC = YES;
				CLANG_ENABLE_OBJC_WEAK = YES;
				CLANG_WARN_BLOCK_CAPTURE_AUTORELEASING = YES;
				CLANG_WARN_BOOL_CONVERSION = YES;
				CLANG_WARN_COMMA = YES;
				CLANG_WARN_CONSTANT_CONVERSION = YES;
				CLANG_WARN_DEPRECATED_OBJC_IMPLEMENTATIONS = YES;
				CLANG_WARN_DIRECT_OBJC_ISA_USAGE = YES_ERROR;
				CLANG_WARN_DOCUMENTATION_COMMENTS = YES;
				CLANG_WARN_EMPTY_BODY = YES;
				CLANG_WARN_ENUM_CONVERSION = YES;
				CLANG_WARN_INFINITE_RECURSION = YES;
				CLANG_WARN_INT_CONVERSION = YES;
				CLANG_WARN_NON_LITERAL_NULL_CONVERSION = YES;
				CLANG_WARN_OBJC_IMPLICIT_RETAIN_SELF = YES;
				CLANG_WARN_OBJC_LITERAL_CONVERSION = YES;
				CLANG_WARN_OBJC_ROOT_CLASS = YES_ERROR;
				CLANG_WARN_RANGE_LOOP_ANALYSIS = YES;
				CLANG_WARN_STRICT_PROTOTYPES = YES;
				CLANG_WARN_SUSPICIOUS_MOVE = YES;
				CLANG_WARN_UNGUARDED_AVAILABILITY = YES_AGGRESSIVE;
				CLANG_WARN_UNREACHABLE_CODE = YES;
				CLANG_WARN__DUPLICATE_METHOD_MATCH = YES;
				CODE_SIGN_IDENTITY = "-";
				COPY_PHASE_STRIP = NO;
				DEBUG_INFORMATION_FORMAT = dwarf;
				ENABLE_STRICT_OBJC_MSGSEND = YES;
				ENABLE_TESTABILITY = YES;
				GCC_C_LANGUAGE_STANDARD = gnu11;
				GCC_DYNAMIC_NO_PIC = NO;
				GCC_NO_COMMON_BLOCKS = YES;
				GCC_OPTIMIZATION_LEVEL = 0;
				GCC_PREPROCESSOR_DEFINITIONS = (
					"DEBUG=1",
					"$(inherited)",
				);
				GCC_WARN_64_TO_32_BIT_CONVERSION = YES;
				GCC_WARN_ABOUT_RETURN_TYPE = YES_ERROR;
				GCC_WARN_UNDECLARED_SELECTOR = YES;
				GCC_WARN_UNINITIALIZED_AUTOS = YES_AGGRESSIVE;
				GCC_WARN_UNUSED_FUNCTION = YES;
				GCC_WARN_UNUSED_VARIABLE = YES;
				MACOSX_DEPLOYMENT_TARGET = 10.13;
				MTL_ENABLE_DEBUG_INFO = YES;
				ONLY_ACTIVE_ARCH = YES;
				SDKROOT = macosx;
				SWIFT_ACTIVE_COMPILATION_CONDITIONS = DEBUG;
				SWIFT_OPTIMIZATION_LEVEL = "-Onone";
			};
			name = Debug;
		};
		9BACB3B72108F1BD00EBF3A9 /* Release */ = {
			isa = XCBuildConfiguration;
			buildSettings = {
				ALWAYS_SEARCH_USER_PATHS = NO;
				CLANG_ANALYZER_NONNULL = YES;
				CLANG_ANALYZER_NUMBER_OBJECT_CONVERSION = YES_AGGRESSIVE;
				CLANG_CXX_LANGUAGE_STANDARD = "gnu++14";
				CLANG_CXX_LIBRARY = "libc++";
				CLANG_ENABLE_MODULES = YES;
				CLANG_ENABLE_OBJC_ARC = YES;
				CLANG_ENABLE_OBJC_WEAK = YES;
				CLANG_WARN_BLOCK_CAPTURE_AUTORELEASING = YES;
				CLANG_WARN_BOOL_CONVERSION = YES;
				CLANG_WARN_COMMA = YES;
				CLANG_WARN_CONSTANT_CONVERSION = YES;
				CLANG_WARN_DEPRECATED_OBJC_IMPLEMENTATIONS = YES;
				CLANG_WARN_DIRECT_OBJC_ISA_USAGE = YES_ERROR;
				CLANG_WARN_DOCUMENTATION_COMMENTS = YES;
				CLANG_WARN_EMPTY_BODY = YES;
				CLANG_WARN_ENUM_CONVERSION = YES;
				CLANG_WARN_INFINITE_RECURSION = YES;
				CLANG_WARN_INT_CONVERSION = YES;
				CLANG_WARN_NON_LITERAL_NULL_CONVERSION = YES;
				CLANG_WARN_OBJC_IMPLICIT_RETAIN_SELF = YES;
				CLANG_WARN_OBJC_LITERAL_CONVERSION = YES;
				CLANG_WARN_OBJC_ROOT_CLASS = YES_ERROR;
				CLANG_WARN_RANGE_LOOP_ANALYSIS = YES;
				CLANG_WARN_STRICT_PROTOTYPES = YES;
				CLANG_WARN_SUSPICIOUS_MOVE = YES;
				CLANG_WARN_UNGUARDED_AVAILABILITY = YES_AGGRESSIVE;
				CLANG_WARN_UNREACHABLE_CODE = YES;
				CLANG_WARN__DUPLICATE_METHOD_MATCH = YES;
				CODE_SIGN_IDENTITY = "-";
				COPY_PHASE_STRIP = NO;
				DEBUG_INFORMATION_FORMAT = "dwarf-with-dsym";
				ENABLE_NS_ASSERTIONS = NO;
				ENABLE_STRICT_OBJC_MSGSEND = YES;
				GCC_C_LANGUAGE_STANDARD = gnu11;
				GCC_NO_COMMON_BLOCKS = YES;
				GCC_WARN_64_TO_32_BIT_CONVERSION = YES;
				GCC_WARN_ABOUT_RETURN_TYPE = YES_ERROR;
				GCC_WARN_UNDECLARED_SELECTOR = YES;
				GCC_WARN_UNINITIALIZED_AUTOS = YES_AGGRESSIVE;
				GCC_WARN_UNUSED_FUNCTION = YES;
				GCC_WARN_UNUSED_VARIABLE = YES;
				MACOSX_DEPLOYMENT_TARGET = 10.13;
				MTL_ENABLE_DEBUG_INFO = NO;
				SDKROOT = macosx;
				SWIFT_COMPILATION_MODE = wholemodule;
				SWIFT_OPTIMIZATION_LEVEL = "-O";
			};
			name = Release;
		};
		9BACB3B92108F1BD00EBF3A9 /* Debug */ = {
			isa = XCBuildConfiguration;
			buildSettings = {
				CODE_SIGN_STYLE = Automatic;
				PRODUCT_NAME = "$(TARGET_NAME)";
				SWIFT_VERSION = 4.0;
			};
			name = Debug;
		};
		9BACB3BA2108F1BD00EBF3A9 /* Release */ = {
			isa = XCBuildConfiguration;
			buildSettings = {
				CODE_SIGN_STYLE = Automatic;
				PRODUCT_NAME = "$(TARGET_NAME)";
				SWIFT_VERSION = 4.0;
			};
			name = Release;
		};
/* End XCBuildConfiguration section */

/* Begin XCConfigurationList section */
		9BACB3AC2108F1BD00EBF3A9 /* Build configuration list for PBXProject "EmployeePayrollSwift" */ = {
			isa = XCConfigurationList;
			buildConfigurations = (
				9BACB3B62108F1BD00EBF3A9 /* Debug */,
				9BACB3B72108F1BD00EBF3A9 /* Release */,
			);
			defaultConfigurationIsVisible = 0;
			defaultConfigurationName = Release;
		};
		9BACB3B82108F1BD00EBF3A9 /* Build configuration list for PBXNativeTarget "EmployeePayrollSwift" */ = {
			isa = XCConfigurationList;
			buildConfigurations = (
				9BACB3B92108F1BD00EBF3A9 /* Debug */,
				9BACB3BA2108F1BD00EBF3A9 /* Release */,
			);
			defaultConfigurationIsVisible = 0;
			defaultConfigurationName = Release;
		};
/* End XCConfigurationList section */
	};
	rootObject = 9BACB3A92108F1BD00EBF3A9 /* Project object */;
}
